
Microsoft Visual Studio Solution File, Format Version 12.00
# Visual Studio Version 17
VisualStudioVersion = 17.5.33414.496
MinimumVisualStudioVersion = 10.0.40219.1
Project("{FAE04EC0-301F-11D3-BF4B-00C04F79EFBC}") = "CambioDiario", "CambioDiario\CambioDiario.csproj", "{FDEFED12-7CC7-425B-9741-1E178860FFF5}"
EndProject
Global
	GlobalSection(SolutionConfigurationPlatforms) = preSolution
		Debug|Any CPU = Debug|Any CPU
		Release|Any CPU = Release|Any CPU
	EndGlobalSection
	GlobalSection(ProjectConfigurationPlatforms) = postSolution
		{FDEFED12-7CC7-425B-9741-1E178860FFF5}.Debug|Any CPU.ActiveCfg = Debug|Any CPU
		{FDEFED12-7CC7-425B-9741-1E178860FFF5}.Debug|Any CPU.Build.0 = Debug|Any CPU
		{FDEFED12-7CC7-425B-9741-1E178860FFF5}.Release|Any CPU.ActiveCfg = Release|Any CPU
		{FDEFED12-7CC7-425B-9741-1E178860FFF5}.Release|Any CPU.Build.0 = Release|Any CPU
	EndGlobalSection
	GlobalSection(SolutionProperties) = preSolution
		HideSolutionNode = FALSE
	EndGlobalSection
	GlobalSection(ExtensibilityGlobals) = postSolution
		SolutionGuid = {4C3D721F-EBA7-45E5-B81E-FAD92E02BBAD}
	EndGlobalSection
EndGlobal
